<?xml version="1.0" encoding="UTF-8"?>
<Scheme
   LastUpgradeVersion = "1540"
   version = "1.7">
   <BuildAction
      parallelizeBuildables = "YES"
      buildImplicitDependencies = "YES"
      buildArchitectures = "Automatic">
      <BuildActionEntries>
         <BuildActionEntry
            buildForTesting = "YES"
            buildForRunning = "YES"
            buildForProfiling = "YES"
            buildForArchiving = "YES"
            buildForAnalyzing = "YES">
            <BuildableReference
               BuildableIdentifier = "primary"
               BlueprintIdentifier = "D0445C2A2C71B3800059D522"
               BuildableName = "SwiftiDate.app"
               BlueprintName = "SwiftiDate"
               ReferencedContainer = "container:SwiftiDate.xcodeproj">
            </BuildableReference>
         </BuildActionEntry>
      </BuildActionEntries>
   </BuildAction>
   <TestAction
      buildConfiguration = "Debug"
      selectedDebuggerIdentifier = "Xcode.DebuggerFoundation.Debugger.LLDB"
      selectedLauncherIdentifier = "Xcode.DebuggerFoundation.Launcher.LLDB"
      shouldUseLaunchSchemeArgsEnv = "YES"
      shouldAutocreateTestPlan = "YES">
      <Testables>
         <TestableReference
            skipped = "NO"
            parallelizable = "YES">
            <BuildableReference
               BuildableIdentifier = "primary"
               BlueprintIdentifier = "D0445C442C71B3830059D522"
               BuildableName = "SwiftiDateUITests.xctest"
               BlueprintName = "SwiftiDateUITests"
               ReferencedContainer = "container:SwiftiDate.xcodeproj">
            </BuildableReference>
         </TestableReference>
         <TestableReference
            skipped = "NO"
            parallelizable = "YES">
            <BuildableReference
               BuildableIdentifier = "primary"
               BlueprintIdentifier = "D0445C3A2C71B3820059D522"
               BuildableName = "SwiftiDateTests.xctest"
               BlueprintName = "SwiftiDateTests"
               ReferencedContainer = "container:SwiftiDate.xcodeproj">
            </BuildableReference>
         </TestableReference>
      </Testables>
   </TestAction>
   <LaunchAction
      buildConfiguration = "Debug"
      selectedDebuggerIdentifier = "Xcode.DebuggerFoundation.Debugger.LLDB"
      selectedLauncherIdentifier = "Xcode.DebuggerFoundation.Launcher.LLDB"
      launchStyle = "0"
      useCustomWorkingDirectory = "NO"
      ignoresPersistentStateOnLaunch = "YES"
      debugDocumentVersioning = "YES"
      debugServiceExtension = "internal"
      allowLocationSimulation = "YES"
      consoleMode = "0"
      structuredConsoleMode = "1">
      <BuildableProductRunnable
         runnableDebuggingMode = "0">
         <BuildableReference
            BuildableIdentifier = "primary"
            BlueprintIdentifier = "D0445C2A2C71B3800059D522"
            BuildableName = "SwiftiDate.app"
            BlueprintName = "SwiftiDate"
            ReferencedContainer = "container:SwiftiDate.xcodeproj">
         </BuildableReference>
      </BuildableProductRunnable>
      <EnvironmentVariables>
         <EnvironmentVariable
            key = "GOOGLESERVICEINFO_BASE64"
            value = "PD94bWwgdmVyc2lvbj0iMS4wIiBlbmNvZGluZz0iVVRGLTgiPz4KPCFET0NUWVBFIHBsaXN0IFBVQkxJQyAiLS8vQXBwbGUvL0RURCBQTElTVCAxLjAvL0VOIiAiaHR0cDovL3d3dy5hcHBsZS5jb20vRFREcy9Qcm9wZXJ0eUxpc3QtMS4wLmR0ZCI+CjxwbGlzdCB2ZXJzaW9uPSIxLjAiPgo8ZGljdD4KCTxrZXk+QVBJX0tFWTwva2V5PgoJPHN0cmluZz5BSXphU3lEM1dvODhtWW44RmpZd0ZIa0RHMnp2c2JRZlpSLVp3djA8L3N0cmluZz4KCTxrZXk+R0NNX1NFTkRFUl9JRDwva2V5PgoJPHN0cmluZz4xMzEyMDU2MzYzNTg8L3N0cmluZz4KCTxrZXk+UExJU1RfVkVSU0lPTjwva2V5PgoJPHN0cmluZz4xPC9zdHJpbmc+Cgk8a2V5PkJVTkRMRV9JRDwva2V5PgoJPHN0cmluZz5zdGV2ZW5zdHVkaW8uU3dpZnRpRGF0ZTwvc3RyaW5nPgoJPGtleT5QUk9KRUNUX0lEPC9rZXk+Cgk8c3RyaW5nPnN3aWZ0aWRhdGUtY2RmZjA8L3N0cmluZz4KCTxrZXk+U1RPUkFHRV9CVUNLRVQ8L2tleT4KCTxzdHJpbmc+c3dpZnRpZGF0ZS1jZGZmMC5hcHBzcG90LmNvbTwvc3RyaW5nPgoJPGtleT5JU19BRFNfRU5BQkxFRDwva2V5PgoJPGZhbHNlPjwvZmFsc2U+Cgk8a2V5PklTX0FOQUxZVElDU19FTkFCTEVEPC9rZXk+Cgk8ZmFsc2U+PC9mYWxzZT4KCTxrZXk+SVNfQVBQSU5WSVRFX0VOQUJMRUQ8L2tleT4KCTx0cnVlPjwvdHJ1ZT4KCTxrZXk+SVNfR0NNX0VOQUJMRUQ8L2tleT4KCTx0cnVlPjwvdHJ1ZT4KCTxrZXk+SVNfU0lHTklOX0VOQUJMRUQ8L2tleT4KCTx0cnVlPjwvdHJ1ZT4KCTxrZXk+R09PR0xFX0FQUF9JRDwva2V5PgoJPHN0cmluZz4xOjEzMTIwNTYzNjM1ODppb3M6YmVjOGQ0ZmQyODRhNDZkOWU2YmU4Nzwvc3RyaW5nPgoJPGtleT5EQVRBQkFTRV9VUkw8L2tleT4KCTxzdHJpbmc+aHR0cHM6Ly9zd2lmdGlkYXRlLWNkZmYwLWRlZmF1bHQtcnRkYi5hc2lhLXNvdXRoZWFzdDEuZmlyZWJhc2VkYXRhYmFzZS5hcHA8L3N0cmluZz4KPC9kaWN0Pgo8L3BsaXN0Pg==&#10;"
            isEnabled = "YES">
         </EnvironmentVariable>
      </EnvironmentVariables>
      <AdditionalOptions>
         <AdditionalOption
            key = "APP_DISTRIBUTOR_ID_OVERRIDE"
            value = "com.apple.AppStore"
            isEnabled = "YES">
         </AdditionalOption>
      </AdditionalOptions>
      <StoreKitConfigurationFileReference
         identifier = "../../PaymentRelated/SwiftiDate.storekit">
      </StoreKitConfigurationFileReference>
   </LaunchAction>
   <ProfileAction
      buildConfiguration = "Release"
      shouldUseLaunchSchemeArgsEnv = "YES"
      savedToolIdentifier = ""
      useCustomWorkingDirectory = "NO"
      debugDocumentVersioning = "YES">
      <BuildableProductRunnable
         runnableDebuggingMode = "0">
         <BuildableReference
            BuildableIdentifier = "primary"
            BlueprintIdentifier = "D0445C2A2C71B3800059D522"
            BuildableName = "SwiftiDate.app"
            BlueprintName = "SwiftiDate"
            ReferencedContainer = "container:SwiftiDate.xcodeproj">
         </BuildableReference>
      </BuildableProductRunnable>
   </ProfileAction>
   <AnalyzeAction
      buildConfiguration = "Debug">
   </AnalyzeAction>
   <ArchiveAction
      buildConfiguration = "Release"
      revealArchiveInOrganizer = "YES">
   </ArchiveAction>
</Scheme>
